// !$*UTF8*$!
{
	archiveVersion = 1;
	classes = {
	};
	objectVersion = 46;
	objects = {

/* Begin PBXBuildFile section */
		D7485C4716BBBE9700F45277 /* MessageEntryBackground.png in Resources */ = {isa = PBXBuildFile; fileRef = D7485C3F16BBBE9700F45277 /* MessageEntryBackground.png */; };
		D7485C4816BBBE9700F45277 /* MessageEntryBackground@2x.png in Resources */ = {isa = PBXBuildFile; fileRef = D7485C4016BBBE9700F45277 /* MessageEntryBackground@2x.png */; };
		D7485C4916BBBE9700F45277 /* MessageEntryInputField.png in Resources */ = {isa = PBXBuildFile; fileRef = D7485C4116BBBE9700F45277 /* MessageEntryInputField.png */; };
		D7485C4A16BBBE9700F45277 /* MessageEntryInputField@2x.png in Resources */ = {isa = PBXBuildFile; fileRef = D7485C4216BBBE9700F45277 /* MessageEntryInputField@2x.png */; };
		D7485C4B16BBBE9700F45277 /* MessageEntrySendButton.png in Resources */ = {isa = PBXBuildFile; fileRef = D7485C4316BBBE9700F45277 /* MessageEntrySendButton.png */; };
		D7485C4C16BBBE9700F45277 /* MessageEntrySendButton@2x.png in Resources */ = {isa = PBXBuildFile; fileRef = D7485C4416BBBE9700F45277 /* MessageEntrySendButton@2x.png */; };
		D7485C4D16BBBE9700F45277 /* MessageEntrySendButtonPressed.png in Resources */ = {isa = PBXBuildFile; fileRef = D7485C4516BBBE9700F45277 /* MessageEntrySendButtonPressed.png */; };
		D7485C4E16BBBE9700F45277 /* MessageEntrySendButtonPressed@2x.png in Resources */ = {isa = PBXBuildFile; fileRef = D7485C4616BBBE9700F45277 /* MessageEntrySendButtonPressed@2x.png */; };
		D7485C6416BBD62400F45277 /* ASIAuthenticationDialog.m in Sources */ = {isa = PBXBuildFile; fileRef = D7485C5116BBD62400F45277 /* ASIAuthenticationDialog.m */; };
		D7485C6516BBD62400F45277 /* ASIDataCompressor.m in Sources */ = {isa = PBXBuildFile; fileRef = D7485C5416BBD62400F45277 /* ASIDataCompressor.m */; };
		D7485C6616BBD62400F45277 /* ASIDataDecompressor.m in Sources */ = {isa = PBXBuildFile; fileRef = D7485C5616BBD62400F45277 /* ASIDataDecompressor.m */; };
		D7485C6716BBD62400F45277 /* ASIDownloadCache.m in Sources */ = {isa = PBXBuildFile; fileRef = D7485C5816BBD62400F45277 /* ASIDownloadCache.m */; };
		D7485C6816BBD62400F45277 /* ASIFormDataRequest.m in Sources */ = {isa = PBXBuildFile; fileRef = D7485C5A16BBD62400F45277 /* ASIFormDataRequest.m */; };
		D7485C6916BBD62400F45277 /* ASIHTTPRequest.m in Sources */ = {isa = PBXBuildFile; fileRef = D7485C5C16BBD62400F45277 /* ASIHTTPRequest.m */; };
		D7485C6A16BBD62400F45277 /* ASIInputStream.m in Sources */ = {isa = PBXBuildFile; fileRef = D7485C6016BBD62400F45277 /* ASIInputStream.m */; };
		D7485C6B16BBD62400F45277 /* ASINetworkQueue.m in Sources */ = {isa = PBXBuildFile; fileRef = D7485C6216BBD62400F45277 /* ASINetworkQueue.m */; };
		D7485C6E16BBDA1400F45277 /* JSONKit.m in Sources */ = {isa = PBXBuildFile; fileRef = D7485C6D16BBDA1400F45277 /* JSONKit.m */; };
		D7485C7116BBDEFC00F45277 /* Reachability.m in Sources */ = {isa = PBXBuildFile; fileRef = D7485C7016BBDEFC00F45277 /* Reachability.m */; };
		D7485C7316BBDF3700F45277 /* CFNetwork.framework in Frameworks */ = {isa = PBXBuildFile; fileRef = D7485C7216BBDF3700F45277 /* CFNetwork.framework */; };
		D7485C7516BBDFA900F45277 /* SystemConfiguration.framework in Frameworks */ = {isa = PBXBuildFile; fileRef = D7485C7416BBDFA900F45277 /* SystemConfiguration.framework */; };
		D7485C7716BBDFB000F45277 /* MobileCoreServices.framework in Frameworks */ = {isa = PBXBuildFile; fileRef = D7485C7616BBDFB000F45277 /* MobileCoreServices.framework */; };
		D7485C7916BBDFCD00F45277 /* libz.dylib in Frameworks */ = {isa = PBXBuildFile; fileRef = D7485C7816BBDFCD00F45277 /* libz.dylib */; };
		D78DDAA316BBA21A0079CE7C /* UIKit.framework in Frameworks */ = {isa = PBXBuildFile; fileRef = D78DDAA216BBA21A0079CE7C /* UIKit.framework */; };
		D78DDAA516BBA21A0079CE7C /* Foundation.framework in Frameworks */ = {isa = PBXBuildFile; fileRef = D78DDAA416BBA21A0079CE7C /* Foundation.framework */; };
		D78DDAA716BBA21A0079CE7C /* CoreGraphics.framework in Frameworks */ = {isa = PBXBuildFile; fileRef = D78DDAA616BBA21A0079CE7C /* CoreGraphics.framework */; };
		D78DDAAD16BBA21A0079CE7C /* InfoPlist.strings in Resources */ = {isa = PBXBuildFile; fileRef = D78DDAAB16BBA21A0079CE7C /* InfoPlist.strings */; };
		D78DDAAF16BBA21A0079CE7C /* main.m in Sources */ = {isa = PBXBuildFile; fileRef = D78DDAAE16BBA21A0079CE7C /* main.m */; };
		D78DDAB316BBA21A0079CE7C /* AppDelegate.m in Sources */ = {isa = PBXBuildFile; fileRef = D78DDAB216BBA21A0079CE7C /* AppDelegate.m */; };
		D78DDAB516BBA21A0079CE7C /* Default.png in Resources */ = {isa = PBXBuildFile; fileRef = D78DDAB416BBA21A0079CE7C /* Default.png */; };
		D78DDAB716BBA21A0079CE7C /* Default@2x.png in Resources */ = {isa = PBXBuildFile; fileRef = D78DDAB616BBA21A0079CE7C /* Default@2x.png */; };
		D78DDAB916BBA21A0079CE7C /* Default-568h@2x.png in Resources */ = {isa = PBXBuildFile; fileRef = D78DDAB816BBA21A0079CE7C /* Default-568h@2x.png */; };
		D78DDABC16BBA21A0079CE7C /* ArenaViewController.m in Sources */ = {isa = PBXBuildFile; fileRef = D78DDABB16BBA21A0079CE7C /* ArenaViewController.m */; };
		D78DDABE16BBA21A0079CE7C /* first.png in Resources */ = {isa = PBXBuildFile; fileRef = D78DDABD16BBA21A0079CE7C /* first.png */; };
		D78DDAC016BBA21A0079CE7C /* first@2x.png in Resources */ = {isa = PBXBuildFile; fileRef = D78DDABF16BBA21A0079CE7C /* first@2x.png */; };
		D78DDAC316BBA21A0079CE7C /* ChatListViewController.m in Sources */ = {isa = PBXBuildFile; fileRef = D78DDAC216BBA21A0079CE7C /* ChatListViewController.m */; };
		D78DDAC516BBA21A0079CE7C /* second.png in Resources */ = {isa = PBXBuildFile; fileRef = D78DDAC416BBA21A0079CE7C /* second.png */; };
		D78DDAC716BBA21A0079CE7C /* second@2x.png in Resources */ = {isa = PBXBuildFile; fileRef = D78DDAC616BBA21A0079CE7C /* second@2x.png */; };
		D78DDACA16BBA21A0079CE7C /* ArenaViewController.xib in Resources */ = {isa = PBXBuildFile; fileRef = D78DDAC816BBA21A0079CE7C /* ArenaViewController.xib */; };
		D78DDAD016BBA21A0079CE7C /* ChatListViewController.xib in Resources */ = {isa = PBXBuildFile; fileRef = D78DDACE16BBA21A0079CE7C /* ChatListViewController.xib */; };
		D78DDADF16BBA27C0079CE7C /* HPGrowingTextView.m in Sources */ = {isa = PBXBuildFile; fileRef = D78DDADC16BBA27C0079CE7C /* HPGrowingTextView.m */; };
		D78DDAE016BBA27C0079CE7C /* HPTextViewInternal.m in Sources */ = {isa = PBXBuildFile; fileRef = D78DDADE16BBA27C0079CE7C /* HPTextViewInternal.m */; };
		D78DDAEE16BBA4970079CE7C /* AccountViewController.m in Sources */ = {isa = PBXBuildFile; fileRef = D78DDAEC16BBA4960079CE7C /* AccountViewController.m */; };
		D78DDAEF16BBA4970079CE7C /* AccountViewController.xib in Resources */ = {isa = PBXBuildFile; fileRef = D78DDAED16BBA4960079CE7C /* AccountViewController.xib */; };
		D78DDAF216BBA7E80079CE7C /* ChatViewController.m in Sources */ = {isa = PBXBuildFile; fileRef = D78DDAF116BBA7E80079CE7C /* ChatViewController.m */; };
		D78DDAFA16BBAF310079CE7C /* ChatUser.m in Sources */ = {isa = PBXBuildFile; fileRef = D78DDAF916BBAF310079CE7C /* ChatUser.m */; };
		D78DDB0116BBB3190079CE7C /* StickerCell.m in Sources */ = {isa = PBXBuildFile; fileRef = D78DDB0016BBB3190079CE7C /* StickerCell.m */; };
		FB8C80AE17FEB16F00ED98CC /* CBUser.m in Sources */ = {isa = PBXBuildFile; fileRef = FB8C80AD17FEB16F00ED98CC /* CBUser.m */; };
		FB8C80B017FEB2EF00ED98CC /* robots.plist in Resources */ = {isa = PBXBuildFile; fileRef = FB8C80AF17FEB2EF00ED98CC /* robots.plist */; };
		FB8C80EC17FEB4B300ED98CC /* CBToolkitCGGeometry.m in Sources */ = {isa = PBXBuildFile; fileRef = FB8C80B817FEB4B300ED98CC /* CBToolkitCGGeometry.m */; };
		FB8C80ED17FEB4B300ED98CC /* CBToolkitHelper.m in Sources */ = {isa = PBXBuildFile; fileRef = FB8C80BA17FEB4B300ED98CC /* CBToolkitHelper.m */; };
		FB8C80EE17FEB4B300ED98CC /* NSArray+CB.m in Sources */ = {isa = PBXBuildFile; fileRef = FB8C80BD17FEB4B300ED98CC /* NSArray+CB.m */; };
		FB8C80EF17FEB4B300ED98CC /* NSCharacterSet+CB.m in Sources */ = {isa = PBXBuildFile; fileRef = FB8C80BF17FEB4B300ED98CC /* NSCharacterSet+CB.m */; };
		FB8C80F017FEB4B300ED98CC /* NSDictionary+CB.m in Sources */ = {isa = PBXBuildFile; fileRef = FB8C80C117FEB4B300ED98CC /* NSDictionary+CB.m */; };
		FB8C80F117FEB4B300ED98CC /* NSError+CB.m in Sources */ = {isa = PBXBuildFile; fileRef = FB8C80C317FEB4B300ED98CC /* NSError+CB.m */; };
		FB8C80F217FEB4B300ED98CC /* NSIndexSet+CB.m in Sources */ = {isa = PBXBuildFile; fileRef = FB8C80C517FEB4B300ED98CC /* NSIndexSet+CB.m */; };
		FB8C80F317FEB4B300ED98CC /* NSMutableArray+CB.m in Sources */ = {isa = PBXBuildFile; fileRef = FB8C80C717FEB4B300ED98CC /* NSMutableArray+CB.m */; };
		FB8C80F417FEB4B300ED98CC /* NSMutableDictionary+CB.m in Sources */ = {isa = PBXBuildFile; fileRef = FB8C80C917FEB4B300ED98CC /* NSMutableDictionary+CB.m */; };
		FB8C80F517FEB4B300ED98CC /* NSMutableSet+CB.m in Sources */ = {isa = PBXBuildFile; fileRef = FB8C80CB17FEB4B300ED98CC /* NSMutableSet+CB.m */; };
		FB8C80F617FEB4B300ED98CC /* NSMutableURLRequest+CB.m in Sources */ = {isa = PBXBuildFile; fileRef = FB8C80CD17FEB4B300ED98CC /* NSMutableURLRequest+CB.m */; };
		FB8C80F717FEB4B300ED98CC /* NSNotificationCenter+CB.m in Sources */ = {isa = PBXBuildFile; fileRef = FB8C80CF17FEB4B300ED98CC /* NSNotificationCenter+CB.m */; };
		FB8C80F817FEB4B300ED98CC /* NSOperationQueue+CB.m in Sources */ = {isa = PBXBuildFile; fileRef = FB8C80D117FEB4B300ED98CC /* NSOperationQueue+CB.m */; };
		FB8C80F917FEB4B300ED98CC /* NSSet+CB.m in Sources */ = {isa = PBXBuildFile; fileRef = FB8C80D317FEB4B300ED98CC /* NSSet+CB.m */; };
		FB8C80FA17FEB4B300ED98CC /* NSString+CB.m in Sources */ = {isa = PBXBuildFile; fileRef = FB8C80D517FEB4B300ED98CC /* NSString+CB.m */; };
		FB8C80FB17FEB4B300ED98CC /* NSURL+CB.m in Sources */ = {isa = PBXBuildFile; fileRef = FB8C80D717FEB4B300ED98CC /* NSURL+CB.m */; };
		FB8C80FC17FEB4B300ED98CC /* UIColor+CB.m in Sources */ = {isa = PBXBuildFile; fileRef = FB8C80DA17FEB4B300ED98CC /* UIColor+CB.m */; };
		FB8C80FD17FEB4B300ED98CC /* UIGestureRecognizer+CB.m in Sources */ = {isa = PBXBuildFile; fileRef = FB8C80DC17FEB4B300ED98CC /* UIGestureRecognizer+CB.m */; };
		FB8C80FE17FEB4B300ED98CC /* UIImage+CB.m in Sources */ = {isa = PBXBuildFile; fileRef = FB8C80DE17FEB4B300ED98CC /* UIImage+CB.m */; };
		FB8C80FF17FEB4B300ED98CC /* UINavigationController+CB.m in Sources */ = {isa = PBXBuildFile; fileRef = FB8C80E017FEB4B300ED98CC /* UINavigationController+CB.m */; };
		FB8C810017FEB4B300ED98CC /* UIScreen+CB.m in Sources */ = {isa = PBXBuildFile; fileRef = FB8C80E217FEB4B300ED98CC /* UIScreen+CB.m */; };
		FB8C810117FEB4B300ED98CC /* UITableView+CB.m in Sources */ = {isa = PBXBuildFile; fileRef = FB8C80E417FEB4B300ED98CC /* UITableView+CB.m */; };
		FB8C810217FEB4B300ED98CC /* UIToolbar+CB.m in Sources */ = {isa = PBXBuildFile; fileRef = FB8C80E617FEB4B300ED98CC /* UIToolbar+CB.m */; };
		FB8C810317FEB4B300ED98CC /* UIView+CB.m in Sources */ = {isa = PBXBuildFile; fileRef = FB8C80E817FEB4B300ED98CC /* UIView+CB.m */; };
		FB8C810417FEB4B300ED98CC /* UIViewController+CB.m in Sources */ = {isa = PBXBuildFile; fileRef = FB8C80EA17FEB4B300ED98CC /* UIViewController+CB.m */; };
		FB8C810617FEB85800ED98CC /* QuartzCore.framework in Frameworks */ = {isa = PBXBuildFile; fileRef = FB8C810517FEB85800ED98CC /* QuartzCore.framework */; };
/* End PBXBuildFile section */

/* Begin PBXFileReference section */
		D7485C3F16BBBE9700F45277 /* MessageEntryBackground.png */ = {isa = PBXFileReference; lastKnownFileType = image.png; path = MessageEntryBackground.png; sourceTree = "<group>"; };
		D7485C4016BBBE9700F45277 /* MessageEntryBackground@2x.png */ = {isa = PBXFileReference; lastKnownFileType = image.png; path = "MessageEntryBackground@2x.png"; sourceTree = "<group>"; };
		D7485C4116BBBE9700F45277 /* MessageEntryInputField.png */ = {isa = PBXFileReference; lastKnownFileType = image.png; path = MessageEntryInputField.png; sourceTree = "<group>"; };
		D7485C4216BBBE9700F45277 /* MessageEntryInputField@2x.png */ = {isa = PBXFileReference; lastKnownFileType = image.png; path = "MessageEntryInputField@2x.png"; sourceTree = "<group>"; };
		D7485C4316BBBE9700F45277 /* MessageEntrySendButton.png */ = {isa = PBXFileReference; lastKnownFileType = image.png; path = MessageEntrySendButton.png; sourceTree = "<group>"; };
		D7485C4416BBBE9700F45277 /* MessageEntrySendButton@2x.png */ = {isa = PBXFileReference; lastKnownFileType = image.png; path = "MessageEntrySendButton@2x.png"; sourceTree = "<group>"; };
		D7485C4516BBBE9700F45277 /* MessageEntrySendButtonPressed.png */ = {isa = PBXFileReference; lastKnownFileType = image.png; path = MessageEntrySendButtonPressed.png; sourceTree = "<group>"; };
		D7485C4616BBBE9700F45277 /* MessageEntrySendButtonPressed@2x.png */ = {isa = PBXFileReference; lastKnownFileType = image.png; path = "MessageEntrySendButtonPressed@2x.png"; sourceTree = "<group>"; };
		D7485C5016BBD62400F45277 /* ASIAuthenticationDialog.h */ = {isa = PBXFileReference; fileEncoding = 4; lastKnownFileType = sourcecode.c.h; path = ASIAuthenticationDialog.h; sourceTree = "<group>"; };
		D7485C5116BBD62400F45277 /* ASIAuthenticationDialog.m */ = {isa = PBXFileReference; fileEncoding = 4; lastKnownFileType = sourcecode.c.objc; path = ASIAuthenticationDialog.m; sourceTree = "<group>"; };
		D7485C5216BBD62400F45277 /* ASICacheDelegate.h */ = {isa = PBXFileReference; fileEncoding = 4; lastKnownFileType = sourcecode.c.h; path = ASICacheDelegate.h; sourceTree = "<group>"; };
		D7485C5316BBD62400F45277 /* ASIDataCompressor.h */ = {isa = PBXFileReference; fileEncoding = 4; lastKnownFileType = sourcecode.c.h; path = ASIDataCompressor.h; sourceTree = "<group>"; };
		D7485C5416BBD62400F45277 /* ASIDataCompressor.m */ = {isa = PBXFileReference; fileEncoding = 4; lastKnownFileType = sourcecode.c.objc; path = ASIDataCompressor.m; sourceTree = "<group>"; };
		D7485C5516BBD62400F45277 /* ASIDataDecompressor.h */ = {isa = PBXFileReference; fileEncoding = 4; lastKnownFileType = sourcecode.c.h; path = ASIDataDecompressor.h; sourceTree = "<group>"; };
		D7485C5616BBD62400F45277 /* ASIDataDecompressor.m */ = {isa = PBXFileReference; fileEncoding = 4; lastKnownFileType = sourcecode.c.objc; path = ASIDataDecompressor.m; sourceTree = "<group>"; };
		D7485C5716BBD62400F45277 /* ASIDownloadCache.h */ = {isa = PBXFileReference; fileEncoding = 4; lastKnownFileType = sourcecode.c.h; path = ASIDownloadCache.h; sourceTree = "<group>"; };
		D7485C5816BBD62400F45277 /* ASIDownloadCache.m */ = {isa = PBXFileReference; fileEncoding = 4; lastKnownFileType = sourcecode.c.objc; path = ASIDownloadCache.m; sourceTree = "<group>"; };
		D7485C5916BBD62400F45277 /* ASIFormDataRequest.h */ = {isa = PBXFileReference; fileEncoding = 4; lastKnownFileType = sourcecode.c.h; path = ASIFormDataRequest.h; sourceTree = "<group>"; };
		D7485C5A16BBD62400F45277 /* ASIFormDataRequest.m */ = {isa = PBXFileReference; fileEncoding = 4; lastKnownFileType = sourcecode.c.objc; path = ASIFormDataRequest.m; sourceTree = "<group>"; };
		D7485C5B16BBD62400F45277 /* ASIHTTPRequest.h */ = {isa = PBXFileReference; fileEncoding = 4; lastKnownFileType = sourcecode.c.h; path = ASIHTTPRequest.h; sourceTree = "<group>"; };
		D7485C5C16BBD62400F45277 /* ASIHTTPRequest.m */ = {isa = PBXFileReference; fileEncoding = 4; lastKnownFileType = sourcecode.c.objc; path = ASIHTTPRequest.m; sourceTree = "<group>"; };
		D7485C5D16BBD62400F45277 /* ASIHTTPRequestConfig.h */ = {isa = PBXFileReference; fileEncoding = 4; lastKnownFileType = sourcecode.c.h; path = ASIHTTPRequestConfig.h; sourceTree = "<group>"; };
		D7485C5E16BBD62400F45277 /* ASIHTTPRequestDelegate.h */ = {isa = PBXFileReference; fileEncoding = 4; lastKnownFileType = sourcecode.c.h; path = ASIHTTPRequestDelegate.h; sourceTree = "<group>"; };
		D7485C5F16BBD62400F45277 /* ASIInputStream.h */ = {isa = PBXFileReference; fileEncoding = 4; lastKnownFileType = sourcecode.c.h; path = ASIInputStream.h; sourceTree = "<group>"; };
		D7485C6016BBD62400F45277 /* ASIInputStream.m */ = {isa = PBXFileReference; fileEncoding = 4; lastKnownFileType = sourcecode.c.objc; path = ASIInputStream.m; sourceTree = "<group>"; };
		D7485C6116BBD62400F45277 /* ASINetworkQueue.h */ = {isa = PBXFileReference; fileEncoding = 4; lastKnownFileType = sourcecode.c.h; path = ASINetworkQueue.h; sourceTree = "<group>"; };
		D7485C6216BBD62400F45277 /* ASINetworkQueue.m */ = {isa = PBXFileReference; fileEncoding = 4; lastKnownFileType = sourcecode.c.objc; path = ASINetworkQueue.m; sourceTree = "<group>"; };
		D7485C6316BBD62400F45277 /* ASIProgressDelegate.h */ = {isa = PBXFileReference; fileEncoding = 4; lastKnownFileType = sourcecode.c.h; path = ASIProgressDelegate.h; sourceTree = "<group>"; };
		D7485C6C16BBDA1400F45277 /* JSONKit.h */ = {isa = PBXFileReference; fileEncoding = 4; lastKnownFileType = sourcecode.c.h; path = JSONKit.h; sourceTree = "<group>"; };
		D7485C6D16BBDA1400F45277 /* JSONKit.m */ = {isa = PBXFileReference; fileEncoding = 4; lastKnownFileType = sourcecode.c.objc; path = JSONKit.m; sourceTree = "<group>"; };
		D7485C6F16BBDEFC00F45277 /* Reachability.h */ = {isa = PBXFileReference; fileEncoding = 4; lastKnownFileType = sourcecode.c.h; path = Reachability.h; sourceTree = "<group>"; };
		D7485C7016BBDEFC00F45277 /* Reachability.m */ = {isa = PBXFileReference; fileEncoding = 4; lastKnownFileType = sourcecode.c.objc; path = Reachability.m; sourceTree = "<group>"; };
		D7485C7216BBDF3700F45277 /* CFNetwork.framework */ = {isa = PBXFileReference; lastKnownFileType = wrapper.framework; name = CFNetwork.framework; path = System/Library/Frameworks/CFNetwork.framework; sourceTree = SDKROOT; };
		D7485C7416BBDFA900F45277 /* SystemConfiguration.framework */ = {isa = PBXFileReference; lastKnownFileType = wrapper.framework; name = SystemConfiguration.framework; path = System/Library/Frameworks/SystemConfiguration.framework; sourceTree = SDKROOT; };
		D7485C7616BBDFB000F45277 /* MobileCoreServices.framework */ = {isa = PBXFileReference; lastKnownFileType = wrapper.framework; name = MobileCoreServices.framework; path = System/Library/Frameworks/MobileCoreServices.framework; sourceTree = SDKROOT; };
		D7485C7816BBDFCD00F45277 /* libz.dylib */ = {isa = PBXFileReference; lastKnownFileType = "compiled.mach-o.dylib"; name = libz.dylib; path = usr/lib/libz.dylib; sourceTree = SDKROOT; };
		D78DDA9E16BBA21A0079CE7C /* chatgame.app */ = {isa = PBXFileReference; explicitFileType = wrapper.application; includeInIndex = 0; path = chatgame.app; sourceTree = BUILT_PRODUCTS_DIR; };
		D78DDAA216BBA21A0079CE7C /* UIKit.framework */ = {isa = PBXFileReference; lastKnownFileType = wrapper.framework; name = UIKit.framework; path = System/Library/Frameworks/UIKit.framework; sourceTree = SDKROOT; };
		D78DDAA416BBA21A0079CE7C /* Foundation.framework */ = {isa = PBXFileReference; lastKnownFileType = wrapper.framework; name = Foundation.framework; path = System/Library/Frameworks/Foundation.framework; sourceTree = SDKROOT; };
		D78DDAA616BBA21A0079CE7C /* CoreGraphics.framework */ = {isa = PBXFileReference; lastKnownFileType = wrapper.framework; name = CoreGraphics.framework; path = System/Library/Frameworks/CoreGraphics.framework; sourceTree = SDKROOT; };
		D78DDAAA16BBA21A0079CE7C /* chatgame-Info.plist */ = {isa = PBXFileReference; lastKnownFileType = text.plist.xml; path = "chatgame-Info.plist"; sourceTree = "<group>"; };
		D78DDAAC16BBA21A0079CE7C /* en */ = {isa = PBXFileReference; lastKnownFileType = text.plist.strings; name = en; path = en.lproj/InfoPlist.strings; sourceTree = "<group>"; };
		D78DDAAE16BBA21A0079CE7C /* main.m */ = {isa = PBXFileReference; lastKnownFileType = sourcecode.c.objc; path = main.m; sourceTree = "<group>"; };
		D78DDAB016BBA21A0079CE7C /* chatgame-Prefix.pch */ = {isa = PBXFileReference; lastKnownFileType = sourcecode.c.h; path = "chatgame-Prefix.pch"; sourceTree = "<group>"; };
		D78DDAB116BBA21A0079CE7C /* AppDelegate.h */ = {isa = PBXFileReference; lastKnownFileType = sourcecode.c.h; path = AppDelegate.h; sourceTree = "<group>"; };
		D78DDAB216BBA21A0079CE7C /* AppDelegate.m */ = {isa = PBXFileReference; lastKnownFileType = sourcecode.c.objc; path = AppDelegate.m; sourceTree = "<group>"; };
		D78DDAB416BBA21A0079CE7C /* Default.png */ = {isa = PBXFileReference; lastKnownFileType = image.png; path = Default.png; sourceTree = "<group>"; };
		D78DDAB616BBA21A0079CE7C /* Default@2x.png */ = {isa = PBXFileReference; lastKnownFileType = image.png; path = "Default@2x.png"; sourceTree = "<group>"; };
		D78DDAB816BBA21A0079CE7C /* Default-568h@2x.png */ = {isa = PBXFileReference; lastKnownFileType = image.png; path = "Default-568h@2x.png"; sourceTree = "<group>"; };
		D78DDABA16BBA21A0079CE7C /* ArenaViewController.h */ = {isa = PBXFileReference; lastKnownFileType = sourcecode.c.h; path = ArenaViewController.h; sourceTree = "<group>"; };
		D78DDABB16BBA21A0079CE7C /* ArenaViewController.m */ = {isa = PBXFileReference; lastKnownFileType = sourcecode.c.objc; path = ArenaViewController.m; sourceTree = "<group>"; };
		D78DDABD16BBA21A0079CE7C /* first.png */ = {isa = PBXFileReference; lastKnownFileType = image.png; path = first.png; sourceTree = "<group>"; };
		D78DDABF16BBA21A0079CE7C /* first@2x.png */ = {isa = PBXFileReference; lastKnownFileType = image.png; path = "first@2x.png"; sourceTree = "<group>"; };
		D78DDAC116BBA21A0079CE7C /* ChatListViewController.h */ = {isa = PBXFileReference; lastKnownFileType = sourcecode.c.h; path = ChatListViewController.h; sourceTree = "<group>"; };
		D78DDAC216BBA21A0079CE7C /* ChatListViewController.m */ = {isa = PBXFileReference; lastKnownFileType = sourcecode.c.objc; path = ChatListViewController.m; sourceTree = "<group>"; };
		D78DDAC416BBA21A0079CE7C /* second.png */ = {isa = PBXFileReference; lastKnownFileType = image.png; path = second.png; sourceTree = "<group>"; };
		D78DDAC616BBA21A0079CE7C /* second@2x.png */ = {isa = PBXFileReference; lastKnownFileType = image.png; path = "second@2x.png"; sourceTree = "<group>"; };
		D78DDAC916BBA21A0079CE7C /* en */ = {isa = PBXFileReference; lastKnownFileType = file.xib; name = en; path = en.lproj/ArenaViewController.xib; sourceTree = "<group>"; };
		D78DDACF16BBA21A0079CE7C /* en */ = {isa = PBXFileReference; lastKnownFileType = file.xib; name = en; path = en.lproj/ChatListViewController.xib; sourceTree = "<group>"; };
		D78DDADB16BBA27C0079CE7C /* HPGrowingTextView.h */ = {isa = PBXFileReference; fileEncoding = 4; lastKnownFileType = sourcecode.c.h; path = HPGrowingTextView.h; sourceTree = "<group>"; };
		D78DDADC16BBA27C0079CE7C /* HPGrowingTextView.m */ = {isa = PBXFileReference; fileEncoding = 4; lastKnownFileType = sourcecode.c.objc; path = HPGrowingTextView.m; sourceTree = "<group>"; };
		D78DDADD16BBA27C0079CE7C /* HPTextViewInternal.h */ = {isa = PBXFileReference; fileEncoding = 4; lastKnownFileType = sourcecode.c.h; path = HPTextViewInternal.h; sourceTree = "<group>"; };
		D78DDADE16BBA27C0079CE7C /* HPTextViewInternal.m */ = {isa = PBXFileReference; fileEncoding = 4; lastKnownFileType = sourcecode.c.objc; path = HPTextViewInternal.m; sourceTree = "<group>"; };
		D78DDAEB16BBA4960079CE7C /* AccountViewController.h */ = {isa = PBXFileReference; fileEncoding = 4; lastKnownFileType = sourcecode.c.h; path = AccountViewController.h; sourceTree = "<group>"; };
		D78DDAEC16BBA4960079CE7C /* AccountViewController.m */ = {isa = PBXFileReference; fileEncoding = 4; lastKnownFileType = sourcecode.c.objc; path = AccountViewController.m; sourceTree = "<group>"; };
		D78DDAED16BBA4960079CE7C /* AccountViewController.xib */ = {isa = PBXFileReference; fileEncoding = 4; lastKnownFileType = file.xib; path = AccountViewController.xib; sourceTree = "<group>"; };
		D78DDAF016BBA7E80079CE7C /* ChatViewController.h */ = {isa = PBXFileReference; fileEncoding = 4; lastKnownFileType = sourcecode.c.h; path = ChatViewController.h; sourceTree = "<group>"; };
		D78DDAF116BBA7E80079CE7C /* ChatViewController.m */ = {isa = PBXFileReference; fileEncoding = 4; lastKnownFileType = sourcecode.c.objc; path = ChatViewController.m; sourceTree = "<group>"; };
		D78DDAF716BBAB830079CE7C /* Utils.h */ = {isa = PBXFileReference; fileEncoding = 4; lastKnownFileType = sourcecode.c.h; path = Utils.h; sourceTree = "<group>"; };
		D78DDAF816BBAF300079CE7C /* ChatUser.h */ = {isa = PBXFileReference; fileEncoding = 4; lastKnownFileType = sourcecode.c.h; path = ChatUser.h; sourceTree = "<group>"; };
		D78DDAF916BBAF310079CE7C /* ChatUser.m */ = {isa = PBXFileReference; fileEncoding = 4; lastKnownFileType = sourcecode.c.objc; path = ChatUser.m; sourceTree = "<group>"; };
		D78DDAFF16BBB3190079CE7C /* StickerCell.h */ = {isa = PBXFileReference; fileEncoding = 4; lastKnownFileType = sourcecode.c.h; path = StickerCell.h; sourceTree = "<group>"; };
		D78DDB0016BBB3190079CE7C /* StickerCell.m */ = {isa = PBXFileReference; fileEncoding = 4; lastKnownFileType = sourcecode.c.objc; path = StickerCell.m; sourceTree = "<group>"; };
		D78DDB0316BBB3C10079CE7C /* Configuration.h */ = {isa = PBXFileReference; lastKnownFileType = sourcecode.c.h; path = Configuration.h; sourceTree = "<group>"; };
		FB8C80AC17FEB16F00ED98CC /* CBUser.h */ = {isa = PBXFileReference; fileEncoding = 4; lastKnownFileType = sourcecode.c.h; path = CBUser.h; sourceTree = "<group>"; };
		FB8C80AD17FEB16F00ED98CC /* CBUser.m */ = {isa = PBXFileReference; fileEncoding = 4; lastKnownFileType = sourcecode.c.objc; path = CBUser.m; sourceTree = "<group>"; };
		FB8C80AF17FEB2EF00ED98CC /* robots.plist */ = {isa = PBXFileReference; fileEncoding = 4; lastKnownFileType = text.plist.xml; path = robots.plist; sourceTree = "<group>"; };
		FB8C80B517FEB4B300ED98CC /* CBCategories.h */ = {isa = PBXFileReference; fileEncoding = 4; lastKnownFileType = sourcecode.c.h; path = CBCategories.h; sourceTree = "<group>"; };
		FB8C80B617FEB4B300ED98CC /* CBToolkit.h */ = {isa = PBXFileReference; fileEncoding = 4; lastKnownFileType = sourcecode.c.h; path = CBToolkit.h; sourceTree = "<group>"; };
		FB8C80B717FEB4B300ED98CC /* CBToolkitCGGeometry.h */ = {isa = PBXFileReference; fileEncoding = 4; lastKnownFileType = sourcecode.c.h; path = CBToolkitCGGeometry.h; sourceTree = "<group>"; };
		FB8C80B817FEB4B300ED98CC /* CBToolkitCGGeometry.m */ = {isa = PBXFileReference; fileEncoding = 4; lastKnownFileType = sourcecode.c.objc; path = CBToolkitCGGeometry.m; sourceTree = "<group>"; };
		FB8C80B917FEB4B300ED98CC /* CBToolkitHelper.h */ = {isa = PBXFileReference; fileEncoding = 4; lastKnownFileType = sourcecode.c.h; path = CBToolkitHelper.h; sourceTree = "<group>"; };
		FB8C80BA17FEB4B300ED98CC /* CBToolkitHelper.m */ = {isa = PBXFileReference; fileEncoding = 4; lastKnownFileType = sourcecode.c.objc; path = CBToolkitHelper.m; sourceTree = "<group>"; };
		FB8C80BC17FEB4B300ED98CC /* NSArray+CB.h */ = {isa = PBXFileReference; fileEncoding = 4; lastKnownFileType = sourcecode.c.h; path = "NSArray+CB.h"; sourceTree = "<group>"; };
		FB8C80BD17FEB4B300ED98CC /* NSArray+CB.m */ = {isa = PBXFileReference; fileEncoding = 4; lastKnownFileType = sourcecode.c.objc; path = "NSArray+CB.m"; sourceTree = "<group>"; };
		FB8C80BE17FEB4B300ED98CC /* NSCharacterSet+CB.h */ = {isa = PBXFileReference; fileEncoding = 4; lastKnownFileType = sourcecode.c.h; path = "NSCharacterSet+CB.h"; sourceTree = "<group>"; };
		FB8C80BF17FEB4B300ED98CC /* NSCharacterSet+CB.m */ = {isa = PBXFileReference; fileEncoding = 4; lastKnownFileType = sourcecode.c.objc; path = "NSCharacterSet+CB.m"; sourceTree = "<group>"; };
		FB8C80C017FEB4B300ED98CC /* NSDictionary+CB.h */ = {isa = PBXFileReference; fileEncoding = 4; lastKnownFileType = sourcecode.c.h; path = "NSDictionary+CB.h"; sourceTree = "<group>"; };
		FB8C80C117FEB4B300ED98CC /* NSDictionary+CB.m */ = {isa = PBXFileReference; fileEncoding = 4; lastKnownFileType = sourcecode.c.objc; path = "NSDictionary+CB.m"; sourceTree = "<group>"; };
		FB8C80C217FEB4B300ED98CC /* NSError+CB.h */ = {isa = PBXFileReference; fileEncoding = 4; lastKnownFileType = sourcecode.c.h; path = "NSError+CB.h"; sourceTree = "<group>"; };
		FB8C80C317FEB4B300ED98CC /* NSError+CB.m */ = {isa = PBXFileReference; fileEncoding = 4; lastKnownFileType = sourcecode.c.objc; path = "NSError+CB.m"; sourceTree = "<group>"; };
		FB8C80C417FEB4B300ED98CC /* NSIndexSet+CB.h */ = {isa = PBXFileReference; fileEncoding = 4; lastKnownFileType = sourcecode.c.h; path = "NSIndexSet+CB.h"; sourceTree = "<group>"; };
		FB8C80C517FEB4B300ED98CC /* NSIndexSet+CB.m */ = {isa = PBXFileReference; fileEncoding = 4; lastKnownFileType = sourcecode.c.objc; path = "NSIndexSet+CB.m"; sourceTree = "<group>"; };
		FB8C80C617FEB4B300ED98CC /* NSMutableArray+CB.h */ = {isa = PBXFileReference; fileEncoding = 4; lastKnownFileType = sourcecode.c.h; path = "NSMutableArray+CB.h"; sourceTree = "<group>"; };
		FB8C80C717FEB4B300ED98CC /* NSMutableArray+CB.m */ = {isa = PBXFileReference; fileEncoding = 4; lastKnownFileType = sourcecode.c.objc; path = "NSMutableArray+CB.m"; sourceTree = "<group>"; };
		FB8C80C817FEB4B300ED98CC /* NSMutableDictionary+CB.h */ = {isa = PBXFileReference; fileEncoding = 4; lastKnownFileType = sourcecode.c.h; path = "NSMutableDictionary+CB.h"; sourceTree = "<group>"; };
		FB8C80C917FEB4B300ED98CC /* NSMutableDictionary+CB.m */ = {isa = PBXFileReference; fileEncoding = 4; lastKnownFileType = sourcecode.c.objc; path = "NSMutableDictionary+CB.m"; sourceTree = "<group>"; };
		FB8C80CA17FEB4B300ED98CC /* NSMutableSet+CB.h */ = {isa = PBXFileReference; fileEncoding = 4; lastKnownFileType = sourcecode.c.h; path = "NSMutableSet+CB.h"; sourceTree = "<group>"; };
		FB8C80CB17FEB4B300ED98CC /* NSMutableSet+CB.m */ = {isa = PBXFileReference; fileEncoding = 4; lastKnownFileType = sourcecode.c.objc; path = "NSMutableSet+CB.m"; sourceTree = "<group>"; };
		FB8C80CC17FEB4B300ED98CC /* NSMutableURLRequest+CB.h */ = {isa = PBXFileReference; fileEncoding = 4; lastKnownFileType = sourcecode.c.h; path = "NSMutableURLRequest+CB.h"; sourceTree = "<group>"; };
		FB8C80CD17FEB4B300ED98CC /* NSMutableURLRequest+CB.m */ = {isa = PBXFileReference; fileEncoding = 4; lastKnownFileType = sourcecode.c.objc; path = "NSMutableURLRequest+CB.m"; sourceTree = "<group>"; };
		FB8C80CE17FEB4B300ED98CC /* NSNotificationCenter+CB.h */ = {isa = PBXFileReference; fileEncoding = 4; lastKnownFileType = sourcecode.c.h; path = "NSNotificationCenter+CB.h"; sourceTree = "<group>"; };
		FB8C80CF17FEB4B300ED98CC /* NSNotificationCenter+CB.m */ = {isa = PBXFileReference; fileEncoding = 4; lastKnownFileType = sourcecode.c.objc; path = "NSNotificationCenter+CB.m"; sourceTree = "<group>"; };
		FB8C80D017FEB4B300ED98CC /* NSOperationQueue+CB.h */ = {isa = PBXFileReference; fileEncoding = 4; lastKnownFileType = sourcecode.c.h; path = "NSOperationQueue+CB.h"; sourceTree = "<group>"; };
		FB8C80D117FEB4B300ED98CC /* NSOperationQueue+CB.m */ = {isa = PBXFileReference; fileEncoding = 4; lastKnownFileType = sourcecode.c.objc; path = "NSOperationQueue+CB.m"; sourceTree = "<group>"; };
		FB8C80D217FEB4B300ED98CC /* NSSet+CB.h */ = {isa = PBXFileReference; fileEncoding = 4; lastKnownFileType = sourcecode.c.h; path = "NSSet+CB.h"; sourceTree = "<group>"; };
		FB8C80D317FEB4B300ED98CC /* NSSet+CB.m */ = {isa = PBXFileReference; fileEncoding = 4; lastKnownFileType = sourcecode.c.objc; path = "NSSet+CB.m"; sourceTree = "<group>"; };
		FB8C80D417FEB4B300ED98CC /* NSString+CB.h */ = {isa = PBXFileReference; fileEncoding = 4; lastKnownFileType = sourcecode.c.h; path = "NSString+CB.h"; sourceTree = "<group>"; };
		FB8C80D517FEB4B300ED98CC /* NSString+CB.m */ = {isa = PBXFileReference; fileEncoding = 4; lastKnownFileType = sourcecode.c.objc; path = "NSString+CB.m"; sourceTree = "<group>"; };
		FB8C80D617FEB4B300ED98CC /* NSURL+CB.h */ = {isa = PBXFileReference; fileEncoding = 4; lastKnownFileType = sourcecode.c.h; path = "NSURL+CB.h"; sourceTree = "<group>"; };
		FB8C80D717FEB4B300ED98CC /* NSURL+CB.m */ = {isa = PBXFileReference; fileEncoding = 4; lastKnownFileType = sourcecode.c.objc; path = "NSURL+CB.m"; sourceTree = "<group>"; };
		FB8C80D917FEB4B300ED98CC /* UIColor+CB.h */ = {isa = PBXFileReference; fileEncoding = 4; lastKnownFileType = sourcecode.c.h; path = "UIColor+CB.h"; sourceTree = "<group>"; };
		FB8C80DA17FEB4B300ED98CC /* UIColor+CB.m */ = {isa = PBXFileReference; fileEncoding = 4; lastKnownFileType = sourcecode.c.objc; path = "UIColor+CB.m"; sourceTree = "<group>"; };
		FB8C80DB17FEB4B300ED98CC /* UIGestureRecognizer+CB.h */ = {isa = PBXFileReference; fileEncoding = 4; lastKnownFileType = sourcecode.c.h; path = "UIGestureRecognizer+CB.h"; sourceTree = "<group>"; };
		FB8C80DC17FEB4B300ED98CC /* UIGestureRecognizer+CB.m */ = {isa = PBXFileReference; fileEncoding = 4; lastKnownFileType = sourcecode.c.objc; path = "UIGestureRecognizer+CB.m"; sourceTree = "<group>"; };
		FB8C80DD17FEB4B300ED98CC /* UIImage+CB.h */ = {isa = PBXFileReference; fileEncoding = 4; lastKnownFileType = sourcecode.c.h; path = "UIImage+CB.h"; sourceTree = "<group>"; };
		FB8C80DE17FEB4B300ED98CC /* UIImage+CB.m */ = {isa = PBXFileReference; fileEncoding = 4; lastKnownFileType = sourcecode.c.objc; path = "UIImage+CB.m"; sourceTree = "<group>"; };
		FB8C80DF17FEB4B300ED98CC /* UINavigationController+CB.h */ = {isa = PBXFileReference; fileEncoding = 4; lastKnownFileType = sourcecode.c.h; path = "UINavigationController+CB.h"; sourceTree = "<group>"; };
		FB8C80E017FEB4B300ED98CC /* UINavigationController+CB.m */ = {isa = PBXFileReference; fileEncoding = 4; lastKnownFileType = sourcecode.c.objc; path = "UINavigationController+CB.m"; sourceTree = "<group>"; };
		FB8C80E117FEB4B300ED98CC /* UIScreen+CB.h */ = {isa = PBXFileReference; fileEncoding = 4; lastKnownFileType = sourcecode.c.h; path = "UIScreen+CB.h"; sourceTree = "<group>"; };
		FB8C80E217FEB4B300ED98CC /* UIScreen+CB.m */ = {isa = PBXFileReference; fileEncoding = 4; lastKnownFileType = sourcecode.c.objc; path = "UIScreen+CB.m"; sourceTree = "<group>"; };
		FB8C80E317FEB4B300ED98CC /* UITableView+CB.h */ = {isa = PBXFileReference; fileEncoding = 4; lastKnownFileType = sourcecode.c.h; path = "UITableView+CB.h"; sourceTree = "<group>"; };
		FB8C80E417FEB4B300ED98CC /* UITableView+CB.m */ = {isa = PBXFileReference; fileEncoding = 4; lastKnownFileType = sourcecode.c.objc; path = "UITableView+CB.m"; sourceTree = "<group>"; };
		FB8C80E517FEB4B300ED98CC /* UIToolbar+CB.h */ = {isa = PBXFileReference; fileEncoding = 4; lastKnownFileType = sourcecode.c.h; path = "UIToolbar+CB.h"; sourceTree = "<group>"; };
		FB8C80E617FEB4B300ED98CC /* UIToolbar+CB.m */ = {isa = PBXFileReference; fileEncoding = 4; lastKnownFileType = sourcecode.c.objc; path = "UIToolbar+CB.m"; sourceTree = "<group>"; };
		FB8C80E717FEB4B300ED98CC /* UIView+CB.h */ = {isa = PBXFileReference; fileEncoding = 4; lastKnownFileType = sourcecode.c.h; path = "UIView+CB.h"; sourceTree = "<group>"; };
		FB8C80E817FEB4B300ED98CC /* UIView+CB.m */ = {isa = PBXFileReference; fileEncoding = 4; lastKnownFileType = sourcecode.c.objc; path = "UIView+CB.m"; sourceTree = "<group>"; };
		FB8C80E917FEB4B300ED98CC /* UIViewController+CB.h */ = {isa = PBXFileReference; fileEncoding = 4; lastKnownFileType = sourcecode.c.h; path = "UIViewController+CB.h"; sourceTree = "<group>"; };
		FB8C80EA17FEB4B300ED98CC /* UIViewController+CB.m */ = {isa = PBXFileReference; fileEncoding = 4; lastKnownFileType = sourcecode.c.objc; path = "UIViewController+CB.m"; sourceTree = "<group>"; };
		FB8C810517FEB85800ED98CC /* QuartzCore.framework */ = {isa = PBXFileReference; lastKnownFileType = wrapper.framework; name = QuartzCore.framework; path = System/Library/Frameworks/QuartzCore.framework; sourceTree = SDKROOT; };
/* End PBXFileReference section */

/* Begin PBXFrameworksBuildPhase section */
		D78DDA9B16BBA21A0079CE7C /* Frameworks */ = {
			isa = PBXFrameworksBuildPhase;
			buildActionMask = 2147483647;
			files = (
				FB8C810617FEB85800ED98CC /* QuartzCore.framework in Frameworks */,
				D7485C7916BBDFCD00F45277 /* libz.dylib in Frameworks */,
				D7485C7716BBDFB000F45277 /* MobileCoreServices.framework in Frameworks */,
				D7485C7516BBDFA900F45277 /* SystemConfiguration.framework in Frameworks */,
				D7485C7316BBDF3700F45277 /* CFNetwork.framework in Frameworks */,
				D78DDAA316BBA21A0079CE7C /* UIKit.framework in Frameworks */,
				D78DDAA516BBA21A0079CE7C /* Foundation.framework in Frameworks */,
				D78DDAA716BBA21A0079CE7C /* CoreGraphics.framework in Frameworks */,
			);
			runOnlyForDeploymentPostprocessing = 0;
		};
/* End PBXFrameworksBuildPhase section */

/* Begin PBXGroup section */
		D7485C3E16BBBE7E00F45277 /* Resources */ = {
			isa = PBXGroup;
			children = (
				D7485C3F16BBBE9700F45277 /* MessageEntryBackground.png */,
				D7485C4016BBBE9700F45277 /* MessageEntryBackground@2x.png */,
				D7485C4116BBBE9700F45277 /* MessageEntryInputField.png */,
				D7485C4216BBBE9700F45277 /* MessageEntryInputField@2x.png */,
				D7485C4316BBBE9700F45277 /* MessageEntrySendButton.png */,
				D7485C4416BBBE9700F45277 /* MessageEntrySendButton@2x.png */,
				D7485C4516BBBE9700F45277 /* MessageEntrySendButtonPressed.png */,
				D7485C4616BBBE9700F45277 /* MessageEntrySendButtonPressed@2x.png */,
			);
			name = Resources;
			sourceTree = "<group>";
		};
		D7485C4F16BBD5D200F45277 /* ASI */ = {
			isa = PBXGroup;
			children = (
				D7485C6F16BBDEFC00F45277 /* Reachability.h */,
				D7485C7016BBDEFC00F45277 /* Reachability.m */,
				D7485C5016BBD62400F45277 /* ASIAuthenticationDialog.h */,
				D7485C5116BBD62400F45277 /* ASIAuthenticationDialog.m */,
				D7485C5216BBD62400F45277 /* ASICacheDelegate.h */,
				D7485C5316BBD62400F45277 /* ASIDataCompressor.h */,
				D7485C5416BBD62400F45277 /* ASIDataCompressor.m */,
				D7485C5516BBD62400F45277 /* ASIDataDecompressor.h */,
				D7485C5616BBD62400F45277 /* ASIDataDecompressor.m */,
				D7485C5716BBD62400F45277 /* ASIDownloadCache.h */,
				D7485C5816BBD62400F45277 /* ASIDownloadCache.m */,
				D7485C5916BBD62400F45277 /* ASIFormDataRequest.h */,
				D7485C5A16BBD62400F45277 /* ASIFormDataRequest.m */,
				D7485C5B16BBD62400F45277 /* ASIHTTPRequest.h */,
				D7485C5C16BBD62400F45277 /* ASIHTTPRequest.m */,
				D7485C5D16BBD62400F45277 /* ASIHTTPRequestConfig.h */,
				D7485C5E16BBD62400F45277 /* ASIHTTPRequestDelegate.h */,
				D7485C5F16BBD62400F45277 /* ASIInputStream.h */,
				D7485C6016BBD62400F45277 /* ASIInputStream.m */,
				D7485C6116BBD62400F45277 /* ASINetworkQueue.h */,
				D7485C6216BBD62400F45277 /* ASINetworkQueue.m */,
				D7485C6316BBD62400F45277 /* ASIProgressDelegate.h */,
			);
			name = ASI;
			sourceTree = "<group>";
		};
		D78DDA9316BBA21A0079CE7C = {
			isa = PBXGroup;
			children = (
				D7485C7816BBDFCD00F45277 /* libz.dylib */,
				D78DDAA816BBA21A0079CE7C /* chatgame */,
				D78DDAA116BBA21A0079CE7C /* Frameworks */,
				FB8C80B117FEB4B300ED98CC /* Vendor */,
				D78DDA9F16BBA21A0079CE7C /* Products */,
			);
			sourceTree = "<group>";
		};
		D78DDA9F16BBA21A0079CE7C /* Products */ = {
			isa = PBXGroup;
			children = (
				D78DDA9E16BBA21A0079CE7C /* chatgame.app */,
			);
			name = Products;
			sourceTree = "<group>";
		};
		D78DDAA116BBA21A0079CE7C /* Frameworks */ = {
			isa = PBXGroup;
			children = (
				FB8C810517FEB85800ED98CC /* QuartzCore.framework */,
				D7485C7616BBDFB000F45277 /* MobileCoreServices.framework */,
				D7485C7416BBDFA900F45277 /* SystemConfiguration.framework */,
				D7485C7216BBDF3700F45277 /* CFNetwork.framework */,
				D78DDAA216BBA21A0079CE7C /* UIKit.framework */,
				D78DDAA416BBA21A0079CE7C /* Foundation.framework */,
				D78DDAA616BBA21A0079CE7C /* CoreGraphics.framework */,
			);
			name = Frameworks;
			sourceTree = "<group>";
		};
		D78DDAA816BBA21A0079CE7C /* chatgame */ = {
			isa = PBXGroup;
			children = (
				D7485C6C16BBDA1400F45277 /* JSONKit.h */,
				D7485C6D16BBDA1400F45277 /* JSONKit.m */,
				D7485C4F16BBD5D200F45277 /* ASI */,
				D7485C3E16BBBE7E00F45277 /* Resources */,
				D78DDAF716BBAB830079CE7C /* Utils.h */,
				D78DDB0316BBB3C10079CE7C /* Configuration.h */,
				D78DDAF816BBAF300079CE7C /* ChatUser.h */,
				D78DDAF916BBAF310079CE7C /* ChatUser.m */,
				D78DDADA16BBA2530079CE7C /* GrowingTextView */,
				D78DDAB116BBA21A0079CE7C /* AppDelegate.h */,
				D78DDAB216BBA21A0079CE7C /* AppDelegate.m */,
				D78DDABA16BBA21A0079CE7C /* ArenaViewController.h */,
				D78DDABB16BBA21A0079CE7C /* ArenaViewController.m */,
				D78DDAC116BBA21A0079CE7C /* ChatListViewController.h */,
				D78DDAC216BBA21A0079CE7C /* ChatListViewController.m */,
				D78DDABD16BBA21A0079CE7C /* first.png */,
				D78DDABF16BBA21A0079CE7C /* first@2x.png */,
				D78DDAC416BBA21A0079CE7C /* second.png */,
				D78DDAC616BBA21A0079CE7C /* second@2x.png */,
				D78DDAEB16BBA4960079CE7C /* AccountViewController.h */,
				D78DDAEC16BBA4960079CE7C /* AccountViewController.m */,
				D78DDAF016BBA7E80079CE7C /* ChatViewController.h */,
				D78DDAF116BBA7E80079CE7C /* ChatViewController.m */,
				D78DDAC816BBA21A0079CE7C /* ArenaViewController.xib */,
				D78DDACE16BBA21A0079CE7C /* ChatListViewController.xib */,
				D78DDAED16BBA4960079CE7C /* AccountViewController.xib */,
				D78DDAFF16BBB3190079CE7C /* StickerCell.h */,
				D78DDB0016BBB3190079CE7C /* StickerCell.m */,
				D78DDAA916BBA21A0079CE7C /* Supporting Files */,
				FB8C80AC17FEB16F00ED98CC /* CBUser.h */,
				FB8C80AD17FEB16F00ED98CC /* CBUser.m */,
				FB8C80AF17FEB2EF00ED98CC /* robots.plist */,
			);
			path = chatgame;
			sourceTree = "<group>";
		};
		D78DDAA916BBA21A0079CE7C /* Supporting Files */ = {
			isa = PBXGroup;
			children = (
				D78DDAAA16BBA21A0079CE7C /* chatgame-Info.plist */,
				D78DDAAB16BBA21A0079CE7C /* InfoPlist.strings */,
				D78DDAAE16BBA21A0079CE7C /* main.m */,
				D78DDAB016BBA21A0079CE7C /* chatgame-Prefix.pch */,
				D78DDAB416BBA21A0079CE7C /* Default.png */,
				D78DDAB616BBA21A0079CE7C /* Default@2x.png */,
				D78DDAB816BBA21A0079CE7C /* Default-568h@2x.png */,
			);
			name = "Supporting Files";
			sourceTree = "<group>";
		};
		D78DDADA16BBA2530079CE7C /* GrowingTextView */ = {
			isa = PBXGroup;
			children = (
				D78DDADB16BBA27C0079CE7C /* HPGrowingTextView.h */,
				D78DDADC16BBA27C0079CE7C /* HPGrowingTextView.m */,
				D78DDADD16BBA27C0079CE7C /* HPTextViewInternal.h */,
				D78DDADE16BBA27C0079CE7C /* HPTextViewInternal.m */,
			);
			name = GrowingTextView;
			sourceTree = "<group>";
		};
		FB8C80B117FEB4B300ED98CC /* Vendor */ = {
			isa = PBXGroup;
			children = (
				FB8C80B217FEB4B300ED98CC /* CBToolkit */,
			);
			path = Vendor;
			sourceTree = "<group>";
		};
		FB8C80B217FEB4B300ED98CC /* CBToolkit */ = {
			isa = PBXGroup;
			children = (
				FB8C80B517FEB4B300ED98CC /* CBCategories.h */,
				FB8C80B617FEB4B300ED98CC /* CBToolkit.h */,
				FB8C80B717FEB4B300ED98CC /* CBToolkitCGGeometry.h */,
				FB8C80B817FEB4B300ED98CC /* CBToolkitCGGeometry.m */,
				FB8C80B917FEB4B300ED98CC /* CBToolkitHelper.h */,
				FB8C80BA17FEB4B300ED98CC /* CBToolkitHelper.m */,
				FB8C80BB17FEB4B300ED98CC /* Foundation */,
				FB8C80D817FEB4B300ED98CC /* UIKit */,
			);
			path = CBToolkit;
			sourceTree = "<group>";
		};
		FB8C80BB17FEB4B300ED98CC /* Foundation */ = {
			isa = PBXGroup;
			children = (
				FB8C80BC17FEB4B300ED98CC /* NSArray+CB.h */,
				FB8C80BD17FEB4B300ED98CC /* NSArray+CB.m */,
				FB8C80BE17FEB4B300ED98CC /* NSCharacterSet+CB.h */,
				FB8C80BF17FEB4B300ED98CC /* NSCharacterSet+CB.m */,
				FB8C80C017FEB4B300ED98CC /* NSDictionary+CB.h */,
				FB8C80C117FEB4B300ED98CC /* NSDictionary+CB.m */,
				FB8C80C217FEB4B300ED98CC /* NSError+CB.h */,
				FB8C80C317FEB4B300ED98CC /* NSError+CB.m */,
				FB8C80C417FEB4B300ED98CC /* NSIndexSet+CB.h */,
				FB8C80C517FEB4B300ED98CC /* NSIndexSet+CB.m */,
				FB8C80C617FEB4B300ED98CC /* NSMutableArray+CB.h */,
				FB8C80C717FEB4B300ED98CC /* NSMutableArray+CB.m */,
				FB8C80C817FEB4B300ED98CC /* NSMutableDictionary+CB.h */,
				FB8C80C917FEB4B300ED98CC /* NSMutableDictionary+CB.m */,
				FB8C80CA17FEB4B300ED98CC /* NSMutableSet+CB.h */,
				FB8C80CB17FEB4B300ED98CC /* NSMutableSet+CB.m */,
				FB8C80CC17FEB4B300ED98CC /* NSMutableURLRequest+CB.h */,
				FB8C80CD17FEB4B300ED98CC /* NSMutableURLRequest+CB.m */,
				FB8C80CE17FEB4B300ED98CC /* NSNotificationCenter+CB.h */,
				FB8C80CF17FEB4B300ED98CC /* NSNotificationCenter+CB.m */,
				FB8C80D017FEB4B300ED98CC /* NSOperationQueue+CB.h */,
				FB8C80D117FEB4B300ED98CC /* NSOperationQueue+CB.m */,
				FB8C80D217FEB4B300ED98CC /* NSSet+CB.h */,
				FB8C80D317FEB4B300ED98CC /* NSSet+CB.m */,
				FB8C80D417FEB4B300ED98CC /* NSString+CB.h */,
				FB8C80D517FEB4B300ED98CC /* NSString+CB.m */,
				FB8C80D617FEB4B300ED98CC /* NSURL+CB.h */,
				FB8C80D717FEB4B300ED98CC /* NSURL+CB.m */,
			);
			path = Foundation;
			sourceTree = "<group>";
		};
		FB8C80D817FEB4B300ED98CC /* UIKit */ = {
			isa = PBXGroup;
			children = (
				FB8C80D917FEB4B300ED98CC /* UIColor+CB.h */,
				FB8C80DA17FEB4B300ED98CC /* UIColor+CB.m */,
				FB8C80DB17FEB4B300ED98CC /* UIGestureRecognizer+CB.h */,
				FB8C80DC17FEB4B300ED98CC /* UIGestureRecognizer+CB.m */,
				FB8C80DD17FEB4B300ED98CC /* UIImage+CB.h */,
				FB8C80DE17FEB4B300ED98CC /* UIImage+CB.m */,
				FB8C80DF17FEB4B300ED98CC /* UINavigationController+CB.h */,
				FB8C80E017FEB4B300ED98CC /* UINavigationController+CB.m */,
				FB8C80E117FEB4B300ED98CC /* UIScreen+CB.h */,
				FB8C80E217FEB4B300ED98CC /* UIScreen+CB.m */,
				FB8C80E317FEB4B300ED98CC /* UITableView+CB.h */,
				FB8C80E417FEB4B300ED98CC /* UITableView+CB.m */,
				FB8C80E517FEB4B300ED98CC /* UIToolbar+CB.h */,
				FB8C80E617FEB4B300ED98CC /* UIToolbar+CB.m */,
				FB8C80E717FEB4B300ED98CC /* UIView+CB.h */,
				FB8C80E817FEB4B300ED98CC /* UIView+CB.m */,
				FB8C80E917FEB4B300ED98CC /* UIViewController+CB.h */,
				FB8C80EA17FEB4B300ED98CC /* UIViewController+CB.m */,
			);
			path = UIKit;
			sourceTree = "<group>";
		};
/* End PBXGroup section */

/* Begin PBXNativeTarget section */
		D78DDA9D16BBA21A0079CE7C /* chatgame */ = {
			isa = PBXNativeTarget;
			buildConfigurationList = D78DDAD616BBA21A0079CE7C /* Build configuration list for PBXNativeTarget "chatgame" */;
			buildPhases = (
				D78DDA9A16BBA21A0079CE7C /* Sources */,
				D78DDA9B16BBA21A0079CE7C /* Frameworks */,
				D78DDA9C16BBA21A0079CE7C /* Resources */,
			);
			buildRules = (
			);
			dependencies = (
			);
			name = chatgame;
			productName = chatgame;
			productReference = D78DDA9E16BBA21A0079CE7C /* chatgame.app */;
			productType = "com.apple.product-type.application";
		};
/* End PBXNativeTarget section */

/* Begin PBXProject section */
		D78DDA9516BBA21A0079CE7C /* Project object */ = {
			isa = PBXProject;
			attributes = {
				LastUpgradeCheck = 0450;
				ORGANIZATIONNAME = "Cardinal Blue";
			};
			buildConfigurationList = D78DDA9816BBA21A0079CE7C /* Build configuration list for PBXProject "chatgame" */;
			compatibilityVersion = "Xcode 3.2";
			developmentRegion = English;
			hasScannedForEncodings = 0;
			knownRegions = (
				en,
			);
			mainGroup = D78DDA9316BBA21A0079CE7C;
			productRefGroup = D78DDA9F16BBA21A0079CE7C /* Products */;
			projectDirPath = "";
			projectRoot = "";
			targets = (
				D78DDA9D16BBA21A0079CE7C /* chatgame */,
			);
		};
/* End PBXProject section */

/* Begin PBXResourcesBuildPhase section */
		D78DDA9C16BBA21A0079CE7C /* Resources */ = {
			isa = PBXResourcesBuildPhase;
			buildActionMask = 2147483647;
			files = (
				D78DDAAD16BBA21A0079CE7C /* InfoPlist.strings in Resources */,
				D78DDAB516BBA21A0079CE7C /* Default.png in Resources */,
				D78DDAB716BBA21A0079CE7C /* Default@2x.png in Resources */,
				D78DDAB916BBA21A0079CE7C /* Default-568h@2x.png in Resources */,
				D78DDABE16BBA21A0079CE7C /* first.png in Resources */,
				D78DDAC016BBA21A0079CE7C /* first@2x.png in Resources */,
				D78DDAC516BBA21A0079CE7C /* second.png in Resources */,
				D78DDAC716BBA21A0079CE7C /* second@2x.png in Resources */,
				D78DDACA16BBA21A0079CE7C /* ArenaViewController.xib in Resources */,
				D78DDAD016BBA21A0079CE7C /* ChatListViewController.xib in Resources */,
				D78DDAEF16BBA4970079CE7C /* AccountViewController.xib in Resources */,
				D7485C4716BBBE9700F45277 /* MessageEntryBackground.png in Resources */,
				D7485C4816BBBE9700F45277 /* MessageEntryBackground@2x.png in Resources */,
				D7485C4916BBBE9700F45277 /* MessageEntryInputField.png in Resources */,
				D7485C4A16BBBE9700F45277 /* MessageEntryInputField@2x.png in Resources */,
				D7485C4B16BBBE9700F45277 /* MessageEntrySendButton.png in Resources */,
				D7485C4C16BBBE9700F45277 /* MessageEntrySendButton@2x.png in Resources */,
				D7485C4D16BBBE9700F45277 /* MessageEntrySendButtonPressed.png in Resources */,
				FB8C80B017FEB2EF00ED98CC /* robots.plist in Resources */,
				D7485C4E16BBBE9700F45277 /* MessageEntrySendButtonPressed@2x.png in Resources */,
			);
			runOnlyForDeploymentPostprocessing = 0;
		};
/* End PBXResourcesBuildPhase section */

/* Begin PBXSourcesBuildPhase section */
		D78DDA9A16BBA21A0079CE7C /* Sources */ = {
			isa = PBXSourcesBuildPhase;
			buildActionMask = 2147483647;
			files = (
				D78DDAAF16BBA21A0079CE7C /* main.m in Sources */,
				FB8C80AE17FEB16F00ED98CC /* CBUser.m in Sources */,
				FB8C810117FEB4B300ED98CC /* UITableView+CB.m in Sources */,
				FB8C810217FEB4B300ED98CC /* UIToolbar+CB.m in Sources */,
				D78DDAB316BBA21A0079CE7C /* AppDelegate.m in Sources */,
				FB8C80F417FEB4B300ED98CC /* NSMutableDictionary+CB.m in Sources */,
				D78DDABC16BBA21A0079CE7C /* ArenaViewController.m in Sources */,
				FB8C80EE17FEB4B300ED98CC /* NSArray+CB.m in Sources */,
				FB8C80F817FEB4B300ED98CC /* NSOperationQueue+CB.m in Sources */,
				FB8C80F317FEB4B300ED98CC /* NSMutableArray+CB.m in Sources */,
				D78DDAC316BBA21A0079CE7C /* ChatListViewController.m in Sources */,
				FB8C80FB17FEB4B300ED98CC /* NSURL+CB.m in Sources */,
				FB8C80F117FEB4B300ED98CC /* NSError+CB.m in Sources */,
				FB8C80FC17FEB4B300ED98CC /* UIColor+CB.m in Sources */,
				D78DDADF16BBA27C0079CE7C /* HPGrowingTextView.m in Sources */,
				FB8C80F517FEB4B300ED98CC /* NSMutableSet+CB.m in Sources */,
				D78DDAE016BBA27C0079CE7C /* HPTextViewInternal.m in Sources */,
				FB8C80F917FEB4B300ED98CC /* NSSet+CB.m in Sources */,
				FB8C80FA17FEB4B300ED98CC /* NSString+CB.m in Sources */,
				FB8C80F217FEB4B300ED98CC /* NSIndexSet+CB.m in Sources */,
				D78DDAEE16BBA4970079CE7C /* AccountViewController.m in Sources */,
				D78DDAF216BBA7E80079CE7C /* ChatViewController.m in Sources */,
				D78DDAFA16BBAF310079CE7C /* ChatUser.m in Sources */,
				FB8C80F617FEB4B300ED98CC /* NSMutableURLRequest+CB.m in Sources */,
				D78DDB0116BBB3190079CE7C /* StickerCell.m in Sources */,
				D7485C6416BBD62400F45277 /* ASIAuthenticationDialog.m in Sources */,
				FB8C80F017FEB4B300ED98CC /* NSDictionary+CB.m in Sources */,
				FB8C810417FEB4B300ED98CC /* UIViewController+CB.m in Sources */,
				D7485C6516BBD62400F45277 /* ASIDataCompressor.m in Sources */,
				D7485C6616BBD62400F45277 /* ASIDataDecompressor.m in Sources */,
				FB8C80F717FEB4B300ED98CC /* NSNotificationCenter+CB.m in Sources */,
				FB8C810017FEB4B300ED98CC /* UIScreen+CB.m in Sources */,
				FB8C80FF17FEB4B300ED98CC /* UINavigationController+CB.m in Sources */,
				FB8C810317FEB4B300ED98CC /* UIView+CB.m in Sources */,
				D7485C6716BBD62400F45277 /* ASIDownloadCache.m in Sources */,
				FB8C80EC17FEB4B300ED98CC /* CBToolkitCGGeometry.m in Sources */,
				FB8C80ED17FEB4B300ED98CC /* CBToolkitHelper.m in Sources */,
				FB8C80EF17FEB4B300ED98CC /* NSCharacterSet+CB.m in Sources */,
				D7485C6816BBD62400F45277 /* ASIFormDataRequest.m in Sources */,
				D7485C6916BBD62400F45277 /* ASIHTTPRequest.m in Sources */,
				D7485C6A16BBD62400F45277 /* ASIInputStream.m in Sources */,
				D7485C6B16BBD62400F45277 /* ASINetworkQueue.m in Sources */,
				FB8C80FE17FEB4B300ED98CC /* UIImage+CB.m in Sources */,
				D7485C6E16BBDA1400F45277 /* JSONKit.m in Sources */,
				D7485C7116BBDEFC00F45277 /* Reachability.m in Sources */,
				FB8C80FD17FEB4B300ED98CC /* UIGestureRecognizer+CB.m in Sources */,
			);
			runOnlyForDeploymentPostprocessing = 0;
		};
/* End PBXSourcesBuildPhase section */

/* Begin PBXVariantGroup section */
		D78DDAAB16BBA21A0079CE7C /* InfoPlist.strings */ = {
			isa = PBXVariantGroup;
			children = (
				D78DDAAC16BBA21A0079CE7C /* en */,
			);
			name = InfoPlist.strings;
			sourceTree = "<group>";
		};
		D78DDAC816BBA21A0079CE7C /* ArenaViewController.xib */ = {
			isa = PBXVariantGroup;
			children = (
				D78DDAC916BBA21A0079CE7C /* en */,
			);
			name = ArenaViewController.xib;
			sourceTree = "<group>";
		};
		D78DDACE16BBA21A0079CE7C /* ChatListViewController.xib */ = {
			isa = PBXVariantGroup;
			children = (
				D78DDACF16BBA21A0079CE7C /* en */,
			);
			name = ChatListViewController.xib;
			sourceTree = "<group>";
		};
/* End PBXVariantGroup section */

/* Begin XCBuildConfiguration section */
		D78DDAD416BBA21A0079CE7C /* Debug */ = {
			isa = XCBuildConfiguration;
			buildSettings = {
				ALWAYS_SEARCH_USER_PATHS = NO;
				CLANG_CXX_LANGUAGE_STANDARD = "gnu++0x";
				CLANG_CXX_LIBRARY = "libc++";
				CLANG_WARN_EMPTY_BODY = YES;
				CLANG_WARN__DUPLICATE_METHOD_MATCH = YES;
				"CODE_SIGN_IDENTITY[sdk=iphoneos*]" = "iPhone Developer";
				COPY_PHASE_STRIP = NO;
				GCC_C_LANGUAGE_STANDARD = gnu99;
				GCC_DYNAMIC_NO_PIC = NO;
				GCC_OPTIMIZATION_LEVEL = 0;
				GCC_PREPROCESSOR_DEFINITIONS = (
					"DEBUG=1",
					"$(inherited)",
				);
				GCC_SYMBOLS_PRIVATE_EXTERN = NO;
				GCC_WARN_ABOUT_RETURN_TYPE = YES;
				GCC_WARN_UNINITIALIZED_AUTOS = YES;
				GCC_WARN_UNUSED_VARIABLE = YES;
				IPHONEOS_DEPLOYMENT_TARGET = 6.0;
				ONLY_ACTIVE_ARCH = YES;
				SDKROOT = iphoneos;
				TARGETED_DEVICE_FAMILY = "1,2";
			};
			name = Debug;
		};
		D78DDAD516BBA21A0079CE7C /* Release */ = {
			isa = XCBuildConfiguration;
			buildSettings = {
				ALWAYS_SEARCH_USER_PATHS = NO;
				CLANG_CXX_LANGUAGE_STANDARD = "gnu++0x";
				CLANG_CXX_LIBRARY = "libc++";
				CLANG_WARN_EMPTY_BODY = YES;
				CLANG_WARN__DUPLICATE_METHOD_MATCH = YES;
				"CODE_SIGN_IDENTITY[sdk=iphoneos*]" = "iPhone Developer";
				COPY_PHASE_STRIP = YES;
				GCC_C_LANGUAGE_STANDARD = gnu99;
				GCC_WARN_ABOUT_RETURN_TYPE = YES;
				GCC_WARN_UNINITIALIZED_AUTOS = YES;
				GCC_WARN_UNUSED_VARIABLE = YES;
				IPHONEOS_DEPLOYMENT_TARGET = 6.0;
				OTHER_CFLAGS = "-DNS_BLOCK_ASSERTIONS=1";
				SDKROOT = iphoneos;
				TARGETED_DEVICE_FAMILY = "1,2";
				VALIDATE_PRODUCT = YES;
			};
			name = Release;
		};
		D78DDAD716BBA21A0079CE7C /* Debug */ = {
			isa = XCBuildConfiguration;
			buildSettings = {
				GCC_PRECOMPILE_PREFIX_HEADER = YES;
				GCC_PREFIX_HEADER = "chatgame/chatgame-Prefix.pch";
				INFOPLIST_FILE = "chatgame/chatgame-Info.plist";
				PRODUCT_NAME = "$(TARGET_NAME)";
				WRAPPER_EXTENSION = app;
			};
			name = Debug;
		};
		D78DDAD816BBA21A0079CE7C /* Release */ = {
			isa = XCBuildConfiguration;
			buildSettings = {
				GCC_PRECOMPILE_PREFIX_HEADER = YES;
				GCC_PREFIX_HEADER = "chatgame/chatgame-Prefix.pch";
				INFOPLIST_FILE = "chatgame/chatgame-Info.plist";
				PRODUCT_NAME = "$(TARGET_NAME)";
				WRAPPER_EXTENSION = app;
			};
			name = Release;
		};
/* End XCBuildConfiguration section */

/* Begin XCConfigurationList section */
		D78DDA9816BBA21A0079CE7C /* Build configuration list for PBXProject "chatgame" */ = {
			isa = XCConfigurationList;
			buildConfigurations = (
				D78DDAD416BBA21A0079CE7C /* Debug */,
				D78DDAD516BBA21A0079CE7C /* Release */,
			);
			defaultConfigurationIsVisible = 0;
			defaultConfigurationName = Release;
		};
		D78DDAD616BBA21A0079CE7C /* Build configuration list for PBXNativeTarget "chatgame" */ = {
			isa = XCConfigurationList;
			buildConfigurations = (
				D78DDAD716BBA21A0079CE7C /* Debug */,
				D78DDAD816BBA21A0079CE7C /* Release */,
			);
			defaultConfigurationIsVisible = 0;
			defaultConfigurationName = Release;
		};
/* End XCConfigurationList section */
	};
	rootObject = D78DDA9516BBA21A0079CE7C /* Project object */;
}
